
Microsoft Visual Studio Solution File, Format Version 12.00
# Visual Studio Version 17
VisualStudioVersion = 17.0.31903.59
MinimumVisualStudioVersion = 10.0.40219.1
Project("{2150E333-8FDC-42A3-9474-1A3956D46DE8}") = "src", "src", "{987E1AFD-5F15-4883-844B-777575444A8E}"
EndProject
Project("{FAE04EC0-301F-11D3-BF4B-00C04F79EFBC}") = "Options.FluentValidations", "src\Options.FluentValidations\Options.FluentValidations.csproj", "{DE7081DC-A15A-4B91-9CA7-E8CA91B7B2C1}"
EndProject
Project("{2150E333-8FDC-42A3-9474-1A3956D46DE8}") = "tests", "tests", "{304B7BDB-4635-4FD5-AA80-1292E21A82F7}"
EndProject
Project("{FAE04EC0-301F-11D3-BF4B-00C04F79EFBC}") = "Options.FluentValidation", "tests\Options.FluentValidation\Options.FluentValidation.csproj", "{0BDE86B0-4CE8-46A4-86C1-738339A9D072}"
EndProject
Global
	GlobalSection(SolutionConfigurationPlatforms) = preSolution
		Debug|Any CPU = Debug|Any CPU
		Release|Any CPU = Release|Any CPU
	EndGlobalSection
	GlobalSection(SolutionProperties) = preSolution
		HideSolutionNode = FALSE
	EndGlobalSection
	GlobalSection(ProjectConfigurationPlatforms) = postSolution
		{DE7081DC-A15A-4B91-9CA7-E8CA91B7B2C1}.Debug|Any CPU.ActiveCfg = Debug|Any CPU
		{DE7081DC-A15A-4B91-9CA7-E8CA91B7B2C1}.Debug|Any CPU.Build.0 = Debug|Any CPU
		{DE7081DC-A15A-4B91-9CA7-E8CA91B7B2C1}.Release|Any CPU.ActiveCfg = Release|Any CPU
		{DE7081DC-A15A-4B91-9CA7-E8CA91B7B2C1}.Release|Any CPU.Build.0 = Release|Any CPU
		{0BDE86B0-4CE8-46A4-86C1-738339A9D072}.Debug|Any CPU.ActiveCfg = Debug|Any CPU
		{0BDE86B0-4CE8-46A4-86C1-738339A9D072}.Debug|Any CPU.Build.0 = Debug|Any CPU
		{0BDE86B0-4CE8-46A4-86C1-738339A9D072}.Release|Any CPU.ActiveCfg = Release|Any CPU
		{0BDE86B0-4CE8-46A4-86C1-738339A9D072}.Release|Any CPU.Build.0 = Release|Any CPU
	EndGlobalSection
	GlobalSection(NestedProjects) = preSolution
		{DE7081DC-A15A-4B91-9CA7-E8CA91B7B2C1} = {987E1AFD-5F15-4883-844B-777575444A8E}
		{0BDE86B0-4CE8-46A4-86C1-738339A9D072} = {304B7BDB-4635-4FD5-AA80-1292E21A82F7}
	EndGlobalSection
EndGlobal
